
Microsoft Visual Studio Solution File, Format Version 12.00
# Visual Studio Version 17
VisualStudioVersion = 17.0.32014.148
MinimumVisualStudioVersion = 10.0.40219.1
Project("{2150E333-8FDC-42A3-9474-1A3956D46DE8}") = "Hosts", "Hosts", "{F36CFA59-2DC3-4FD4-B5DD-9FCA6C1DB0DD}"
EndProject
Project("{9A19103F-16F7-4668-BE54-9A1E7A4F7556}") = "BlackSlope.Hosts.ConsoleApp", "BlackSlope.Hosts.Console\BlackSlope.Hosts.ConsoleApp.csproj", "{C239C170-3379-47F1-BBBA-8D7D06CB586E}"
EndProject
Project("{2150E333-8FDC-42A3-9474-1A3956D46DE8}") = "Scripts", "Scripts", "{551F9FEB-5F15-4830-9949-0CEBDA9AC615}"
	ProjectSection(SolutionItems) = preProject
		..\Scripts\build.sh = ..\Scripts\build.sh
		..\Scripts\db-update.sh = ..\Scripts\db-update.sh
		..\Scripts\docker-container-run.sh = ..\Scripts\docker-container-run.sh
		..\Scripts\docker-image-build.sh = ..\Scripts\docker-image-build.sh
		..\Scripts\publish.sh = ..\Scripts\publish.sh
		..\rename.sh = ..\rename.sh
		..\run.sh = ..\run.sh
	EndProjectSection
EndProject
Project("{2150E333-8FDC-42A3-9474-1A3956D46DE8}") = "Tests", "Tests", "{87D53136-CBF4-4A45-814C-3E5B04965959}"
EndProject
Project("{2150E333-8FDC-42A3-9474-1A3956D46DE8}") = "Docker", "Docker", "{A2744270-EAA9-48AD-A288-0E45E23EB125}"
	ProjectSection(SolutionItems) = preProject
		.dockerignore = .dockerignore
		..\.editorconfig = ..\.editorconfig
		docker-compose.yml = docker-compose.yml
		Dockerfile = Dockerfile
	EndProjectSection
EndProject
Project("{2150E333-8FDC-42A3-9474-1A3956D46DE8}") = "Tools", "Tools", "{CBFD1F3D-2E8C-439A-BA65-99E109049C4B}"
EndProject
Project("{9A19103F-16F7-4668-BE54-9A1E7A4F7556}") = "RenameUtility", "RenameUtility\RenameUtility\RenameUtility.csproj", "{C059E3FE-FE94-4FBC-B5D8-399D310EFB40}"
EndProject
Project("{2150E333-8FDC-42A3-9474-1A3956D46DE8}") = "Api", "Api", "{0291711F-2A49-4DFA-A39B-42AEA2011A1E}"
EndProject
Project("{2150E333-8FDC-42A3-9474-1A3956D46DE8}") = "Common", "Common", "{31F1AF36-7460-4011-9DFF-AC47255FA12E}"
EndProject
Project("{9A19103F-16F7-4668-BE54-9A1E7A4F7556}") = "BlackSlope.Api", "BlackSlope.Api\BlackSlope.Api.csproj", "{F90CC97F-7794-4EF3-8D14-C5E36DBEB8BC}"
EndProject
Project("{9A19103F-16F7-4668-BE54-9A1E7A4F7556}") = "BlackSlope.Api.Common", "BlackSlope.Api.Common\BlackSlope.Api.Common.csproj", "{F79CFA14-04FF-4719-860A-6D9B4941441C}"
EndProject
Project("{9A19103F-16F7-4668-BE54-9A1E7A4F7556}") = "BlackSlope.Api.Tests", "BlackSlope.Api.Tests\BlackSlope.Api.Tests.csproj", "{8904D58B-A6E1-45F7-9B2B-1AB71C09FBDC}"
EndProject
Project("{9A19103F-16F7-4668-BE54-9A1E7A4F7556}") = "BlackSlope.Api.Common.Tests", "BlackSlope.Api.Common.Tests\BlackSlope.Api.Common.Tests.csproj", "{C9AE747A-CF32-4945-AE0B-F053937DEC9C}"
EndProject
Project("{2150E333-8FDC-42A3-9474-1A3956D46DE8}") = "_Documentation", "_Documentation", "{042E13D2-E1F3-4B5F-8F38-0BC74FA87AB2}"
	ProjectSection(SolutionItems) = preProject
		..\LICENSE = ..\LICENSE
		Migrations.md = Migrations.md
		..\README.md = ..\README.md
	EndProjectSection
EndProject
Global
	GlobalSection(SolutionConfigurationPlatforms) = preSolution
		Debug|Any CPU = Debug|Any CPU
		Development|Any CPU = Development|Any CPU
		Release|Any CPU = Release|Any CPU
	EndGlobalSection
	GlobalSection(ProjectConfigurationPlatforms) = postSolution
		{C239C170-3379-47F1-BBBA-8D7D06CB586E}.Debug|Any CPU.ActiveCfg = Debug|Any CPU
		{C239C170-3379-47F1-BBBA-8D7D06CB586E}.Debug|Any CPU.Build.0 = Debug|Any CPU
		{C239C170-3379-47F1-BBBA-8D7D06CB586E}.Development|Any CPU.ActiveCfg = Debug|Any CPU
		{C239C170-3379-47F1-BBBA-8D7D06CB586E}.Development|Any CPU.Build.0 = Debug|Any CPU
		{C239C170-3379-47F1-BBBA-8D7D06CB586E}.Release|Any CPU.ActiveCfg = Release|Any CPU
		{C239C170-3379-47F1-BBBA-8D7D06CB586E}.Release|Any CPU.Build.0 = Release|Any CPU
		{C059E3FE-FE94-4FBC-B5D8-399D310EFB40}.Debug|Any CPU.ActiveCfg = Debug|Any CPU
		{C059E3FE-FE94-4FBC-B5D8-399D310EFB40}.Debug|Any CPU.Build.0 = Debug|Any CPU
		{C059E3FE-FE94-4FBC-B5D8-399D310EFB40}.Development|Any CPU.ActiveCfg = Debug|Any CPU
		{C059E3FE-FE94-4FBC-B5D8-399D310EFB40}.Development|Any CPU.Build.0 = Debug|Any CPU
		{C059E3FE-FE94-4FBC-B5D8-399D310EFB40}.Release|Any CPU.ActiveCfg = Release|Any CPU
		{C059E3FE-FE94-4FBC-B5D8-399D310EFB40}.Release|Any CPU.Build.0 = Release|Any CPU
		{F90CC97F-7794-4EF3-8D14-C5E36DBEB8BC}.Debug|Any CPU.ActiveCfg = Debug|Any CPU
		{F90CC97F-7794-4EF3-8D14-C5E36DBEB8BC}.Debug|Any CPU.Build.0 = Debug|Any CPU
		{F90CC97F-7794-4EF3-8D14-C5E36DBEB8BC}.Development|Any CPU.ActiveCfg = Debug|Any CPU
		{F90CC97F-7794-4EF3-8D14-C5E36DBEB8BC}.Development|Any CPU.Build.0 = Debug|Any CPU
		{F90CC97F-7794-4EF3-8D14-C5E36DBEB8BC}.Release|Any CPU.ActiveCfg = Release|Any CPU
		{F90CC97F-7794-4EF3-8D14-C5E36DBEB8BC}.Release|Any CPU.Build.0 = Release|Any CPU
		{F79CFA14-04FF-4719-860A-6D9B4941441C}.Debug|Any CPU.ActiveCfg = Debug|Any CPU
		{F79CFA14-04FF-4719-860A-6D9B4941441C}.Debug|Any CPU.Build.0 = Debug|Any CPU
		{F79CFA14-04FF-4719-860A-6D9B4941441C}.Development|Any CPU.ActiveCfg = Debug|Any CPU
		{F79CFA14-04FF-4719-860A-6D9B4941441C}.Development|Any CPU.Build.0 = Debug|Any CPU
		{F79CFA14-04FF-4719-860A-6D9B4941441C}.Release|Any CPU.ActiveCfg = Release|Any CPU
		{F79CFA14-04FF-4719-860A-6D9B4941441C}.Release|Any CPU.Build.0 = Release|Any CPU
		{8904D58B-A6E1-45F7-9B2B-1AB71C09FBDC}.Debug|Any CPU.ActiveCfg = Debug|Any CPU
		{8904D58B-A6E1-45F7-9B2B-1AB71C09FBDC}.Debug|Any CPU.Build.0 = Debug|Any CPU
		{8904D58B-A6E1-45F7-9B2B-1AB71C09FBDC}.Development|Any CPU.ActiveCfg = Debug|Any CPU
		{8904D58B-A6E1-45F7-9B2B-1AB71C09FBDC}.Development|Any CPU.Build.0 = Debug|Any CPU
		{8904D58B-A6E1-45F7-9B2B-1AB71C09FBDC}.Release|Any CPU.ActiveCfg = Release|Any CPU
		{8904D58B-A6E1-45F7-9B2B-1AB71C09FBDC}.Release|Any CPU.Build.0 = Release|Any CPU
		{C9AE747A-CF32-4945-AE0B-F053937DEC9C}.Debug|Any CPU.ActiveCfg = Debug|Any CPU
		{C9AE747A-CF32-4945-AE0B-F053937DEC9C}.Debug|Any CPU.Build.0 = Debug|Any CPU
		{C9AE747A-CF32-4945-AE0B-F053937DEC9C}.Development|Any CPU.ActiveCfg = Debug|Any CPU
		{C9AE747A-CF32-4945-AE0B-F053937DEC9C}.Development|Any CPU.Build.0 = Debug|Any CPU
		{C9AE747A-CF32-4945-AE0B-F053937DEC9C}.Release|Any CPU.ActiveCfg = Release|Any CPU
		{C9AE747A-CF32-4945-AE0B-F053937DEC9C}.Release|Any CPU.Build.0 = Release|Any CPU
	EndGlobalSection
	GlobalSection(SolutionProperties) = preSolution
		HideSolutionNode = FALSE
	EndGlobalSection
	GlobalSection(NestedProjects) = preSolution
		{C239C170-3379-47F1-BBBA-8D7D06CB586E} = {F36CFA59-2DC3-4FD4-B5DD-9FCA6C1DB0DD}
		{C059E3FE-FE94-4FBC-B5D8-399D310EFB40} = {CBFD1F3D-2E8C-439A-BA65-99E109049C4B}
		{F90CC97F-7794-4EF3-8D14-C5E36DBEB8BC} = {0291711F-2A49-4DFA-A39B-42AEA2011A1E}
		{F79CFA14-04FF-4719-860A-6D9B4941441C} = {31F1AF36-7460-4011-9DFF-AC47255FA12E}
		{8904D58B-A6E1-45F7-9B2B-1AB71C09FBDC} = {87D53136-CBF4-4A45-814C-3E5B04965959}
		{C9AE747A-CF32-4945-AE0B-F053937DEC9C} = {31F1AF36-7460-4011-9DFF-AC47255FA12E}
	EndGlobalSection
	GlobalSection(ExtensibilityGlobals) = postSolution
		SolutionGuid = {BA508F2C-EE02-4EEC-BA78-020658CB87B7}
	EndGlobalSection
EndGlobal
